
Microsoft Visual Studio Solution File, Format Version 12.00
# Visual Studio Version 17
VisualStudioVersion = 17.1.32421.90
MinimumVisualStudioVersion = 10.0.40219.1
Project("{FAE04EC0-301F-11D3-BF4B-00C04F79EFBC}") = "projetoMarcacoes", "projetoMarcacoes.csproj", "{7B9D6ED2-DC12-45EE-BE6F-97993798B87B}"
EndProject
Global
	GlobalSection(SolutionConfigurationPlatforms) = preSolution
		Debug|Any CPU = Debug|Any CPU
		Release|Any CPU = Release|Any CPU
	EndGlobalSection
	GlobalSection(ProjectConfigurationPlatforms) = postSolution
		{7B9D6ED2-DC12-45EE-BE6F-97993798B87B}.Debug|Any CPU.ActiveCfg = Debug|Any CPU
		{7B9D6ED2-DC12-45EE-BE6F-97993798B87B}.Debug|Any CPU.Build.0 = Debug|Any CPU
		{7B9D6ED2-DC12-45EE-BE6F-97993798B87B}.Release|Any CPU.ActiveCfg = Release|Any CPU
		{7B9D6ED2-DC12-45EE-BE6F-97993798B87B}.Release|Any CPU.Build.0 = Release|Any CPU
	EndGlobalSection
	GlobalSection(SolutionProperties) = preSolution
		HideSolutionNode = FALSE
	EndGlobalSection
	GlobalSection(ExtensibilityGlobals) = postSolution
		SolutionGuid = {F08C9CB0-906D-4FDA-B93A-5CC2654BC01C}
	EndGlobalSection
EndGlobal
